
Microsoft Visual Studio Solution File, Format Version 12.00
# Visual Studio Version 16
VisualStudioVersion = 16.0.29920.165
MinimumVisualStudioVersion = 10.0.40219.1
Project("{FAE04EC0-301F-11D3-BF4B-00C04F79EFBC}") = "ClothesStoreApp.Server", "ClothesStoreApp\Server\ClothesStoreApp.Server.csproj", "{98B3A131-976D-4D1D-ABC9-90B9120CD93F}"
EndProject
Project("{FAE04EC0-301F-11D3-BF4B-00C04F79EFBC}") = "ClothesStoreApp.Client", "ClothesStoreApp\Client\ClothesStoreApp.Client.csproj", "{BA3B1923-452E-4D4C-A5B4-A5FE1BBFA6B2}"
EndProject
Project("{FAE04EC0-301F-11D3-BF4B-00C04F79EFBC}") = "ClothesStoreApp.Shared", "ClothesStoreApp\Shared\ClothesStoreApp.Shared.csproj", "{004AD48F-628E-47AF-B297-CD442CA77F51}"
EndProject
Global
	GlobalSection(SolutionConfigurationPlatforms) = preSolution
		Debug|Any CPU = Debug|Any CPU
		Release|Any CPU = Release|Any CPU
	EndGlobalSection
	GlobalSection(ProjectConfigurationPlatforms) = postSolution
		{98B3A131-976D-4D1D-ABC9-90B9120CD93F}.Debug|Any CPU.ActiveCfg = Debug|Any CPU
		{98B3A131-976D-4D1D-ABC9-90B9120CD93F}.Debug|Any CPU.Build.0 = Debug|Any CPU
		{98B3A131-976D-4D1D-ABC9-90B9120CD93F}.Release|Any CPU.ActiveCfg = Release|Any CPU
		{98B3A131-976D-4D1D-ABC9-90B9120CD93F}.Release|Any CPU.Build.0 = Release|Any CPU
		{BA3B1923-452E-4D4C-A5B4-A5FE1BBFA6B2}.Debug|Any CPU.ActiveCfg = Debug|Any CPU
		{BA3B1923-452E-4D4C-A5B4-A5FE1BBFA6B2}.Debug|Any CPU.Build.0 = Debug|Any CPU
		{BA3B1923-452E-4D4C-A5B4-A5FE1BBFA6B2}.Release|Any CPU.ActiveCfg = Release|Any CPU
		{BA3B1923-452E-4D4C-A5B4-A5FE1BBFA6B2}.Release|Any CPU.Build.0 = Release|Any CPU
		{004AD48F-628E-47AF-B297-CD442CA77F51}.Debug|Any CPU.ActiveCfg = Debug|Any CPU
		{004AD48F-628E-47AF-B297-CD442CA77F51}.Debug|Any CPU.Build.0 = Debug|Any CPU
		{004AD48F-628E-47AF-B297-CD442CA77F51}.Release|Any CPU.ActiveCfg = Release|Any CPU
		{004AD48F-628E-47AF-B297-CD442CA77F51}.Release|Any CPU.Build.0 = Release|Any CPU
	EndGlobalSection
	GlobalSection(SolutionProperties) = preSolution
		HideSolutionNode = FALSE
	EndGlobalSection
	GlobalSection(ExtensibilityGlobals) = postSolution
		SolutionGuid = {2D41B841-541A-447D-B708-BBC53BDACEED}
	EndGlobalSection
EndGlobal
